// !$*UTF8*$!
{
	archiveVersion = 1;
	classes = {
	};
	objectVersion = 54;
	objects = {

/* Begin PBXBuildFile section */
		3A8A4FBD1E0BC16100FEBA95 /* FullScreenBannerViewController.swift in Sources */ = {isa = PBXBuildFile; fileRef = 3A8A4FBC1E0BC16100FEBA95 /* FullScreenBannerViewController.swift */; };
		3A8A4FBF1E0BC17600FEBA95 /* FullScreenInterstitialViewController.swift in Sources */ = {isa = PBXBuildFile; fileRef = 3A8A4FBE1E0BC17600FEBA95 /* FullScreenInterstitialViewController.swift */; };
		3A8BD7461ED7F98200E2DC71 /* NativeAdViewController.swift in Sources */ = {isa = PBXBuildFile; fileRef = 3A8BD7451ED7F98200E2DC71 /* NativeAdViewController.swift */; };
		3AAF379A1CED9ED40073A52B /* BannerSizeAdjustViewController.swift in Sources */ = {isa = PBXBuildFile; fileRef = 3AAF37991CED9ED40073A52B /* BannerSizeAdjustViewController.swift */; };
		3ABA02E41C7AAAAD0059A352 /* AppDelegate.swift in Sources */ = {isa = PBXBuildFile; fileRef = 3ABA02E31C7AAAAD0059A352 /* AppDelegate.swift */; };
		3ABA02E61C7AAAAD0059A352 /* BannerViewController.swift in Sources */ = {isa = PBXBuildFile; fileRef = 3ABA02E51C7AAAAD0059A352 /* BannerViewController.swift */; };
		3ABA02E91C7AAAAD0059A352 /* Main.storyboard in Resources */ = {isa = PBXBuildFile; fileRef = 3ABA02E71C7AAAAD0059A352 /* Main.storyboard */; };
		3ABA02EB1C7AAAAD0059A352 /* Assets.xcassets in Resources */ = {isa = PBXBuildFile; fileRef = 3ABA02EA1C7AAAAD0059A352 /* Assets.xcassets */; };
		3ABA02EE1C7AAAAD0059A352 /* LaunchScreen.storyboard in Resources */ = {isa = PBXBuildFile; fileRef = 3ABA02EC1C7AAAAD0059A352 /* LaunchScreen.storyboard */; };
		3ABA03141C7AAD9D0059A352 /* BannerInterfaceBuilderViewController.swift in Sources */ = {isa = PBXBuildFile; fileRef = 3ABA03131C7AAD9D0059A352 /* BannerInterfaceBuilderViewController.swift */; };
		3ABA03161C7AAF1A0059A352 /* InterstitialViewController.swift in Sources */ = {isa = PBXBuildFile; fileRef = 3ABA03151C7AAF1A0059A352 /* InterstitialViewController.swift */; };
		A7D5721A2BDB7A0E0048834E /* ZucksAdNetworkSDK.xcframework in Frameworks */ = {isa = PBXBuildFile; fileRef = A7D572192BDB7A0E0048834E /* ZucksAdNetworkSDK.xcframework */; };
		CCECD6B124DA7FF8007AD904 /* RewardedAdViewController.swift in Sources */ = {isa = PBXBuildFile; fileRef = CCECD6B024DA7FF8007AD904 /* RewardedAdViewController.swift */; };
/* End PBXBuildFile section */

/* Begin PBXFileReference section */
		3A8A4FBC1E0BC16100FEBA95 /* FullScreenBannerViewController.swift */ = {isa = PBXFileReference; fileEncoding = 4; lastKnownFileType = sourcecode.swift; path = FullScreenBannerViewController.swift; sourceTree = "<group>"; };
		3A8A4FBE1E0BC17600FEBA95 /* FullScreenInterstitialViewController.swift */ = {isa = PBXFileReference; fileEncoding = 4; lastKnownFileType = sourcecode.swift; path = FullScreenInterstitialViewController.swift; sourceTree = "<group>"; };
		3A8BD7451ED7F98200E2DC71 /* NativeAdViewController.swift */ = {isa = PBXFileReference; fileEncoding = 4; lastKnownFileType = sourcecode.swift; path = NativeAdViewController.swift; sourceTree = "<group>"; };
		3AAF37991CED9ED40073A52B /* BannerSizeAdjustViewController.swift */ = {isa = PBXFileReference; fileEncoding = 4; lastKnownFileType = sourcecode.swift; path = BannerSizeAdjustViewController.swift; sourceTree = "<group>"; };
		3ABA02E01C7AAAAD0059A352 /* ZucksAdNetworkSwiftSampleApp.app */ = {isa = PBXFileReference; explicitFileType = wrapper.application; includeInIndex = 0; path = ZucksAdNetworkSwiftSampleApp.app; sourceTree = BUILT_PRODUCTS_DIR; };
		3ABA02E31C7AAAAD0059A352 /* AppDelegate.swift */ = {isa = PBXFileReference; lastKnownFileType = sourcecode.swift; path = AppDelegate.swift; sourceTree = "<group>"; };
		3ABA02E51C7AAAAD0059A352 /* BannerViewController.swift */ = {isa = PBXFileReference; lastKnownFileType = sourcecode.swift; path = BannerViewController.swift; sourceTree = "<group>"; };
		3ABA02E81C7AAAAD0059A352 /* Base */ = {isa = PBXFileReference; lastKnownFileType = file.storyboard; name = Base; path = Base.lproj/Main.storyboard; sourceTree = "<group>"; };
		3ABA02EA1C7AAAAD0059A352 /* Assets.xcassets */ = {isa = PBXFileReference; lastKnownFileType = folder.assetcatalog; path = Assets.xcassets; sourceTree = "<group>"; };
		3ABA02ED1C7AAAAD0059A352 /* Base */ = {isa = PBXFileReference; lastKnownFileType = file.storyboard; name = Base; path = Base.lproj/LaunchScreen.storyboard; sourceTree = "<group>"; };
		3ABA02EF1C7AAAAD0059A352 /* Info.plist */ = {isa = PBXFileReference; lastKnownFileType = text.plist.xml; path = Info.plist; sourceTree = "<group>"; };
		3ABA03131C7AAD9D0059A352 /* BannerInterfaceBuilderViewController.swift */ = {isa = PBXFileReference; fileEncoding = 4; lastKnownFileType = sourcecode.swift; path = BannerInterfaceBuilderViewController.swift; sourceTree = "<group>"; };
		3ABA03151C7AAF1A0059A352 /* InterstitialViewController.swift */ = {isa = PBXFileReference; fileEncoding = 4; lastKnownFileType = sourcecode.swift; path = InterstitialViewController.swift; sourceTree = "<group>"; };
		A7D572192BDB7A0E0048834E /* ZucksAdNetworkSDK.xcframework */ = {isa = PBXFileReference; lastKnownFileType = wrapper.xcframework; name = ZucksAdNetworkSDK.xcframework; path = ../lib/ZucksAdNetworkSDK.xcframework; sourceTree = "<group>"; };
		CCECD6B024DA7FF8007AD904 /* RewardedAdViewController.swift */ = {isa = PBXFileReference; lastKnownFileType = sourcecode.swift; path = RewardedAdViewController.swift; sourceTree = "<group>"; };
/* End PBXFileReference section */

/* Begin PBXFrameworksBuildPhase section */
		3ABA02DD1C7AAAAD0059A352 /* Frameworks */ = {
			isa = PBXFrameworksBuildPhase;
			buildActionMask = 2147483647;
			files = (
				A7D5721A2BDB7A0E0048834E /* ZucksAdNetworkSDK.xcframework in Frameworks */,
			);
			runOnlyForDeploymentPostprocessing = 0;
		};
/* End PBXFrameworksBuildPhase section */

/* Begin PBXGroup section */
		3ABA02D71C7AAAAD0059A352 = {
			isa = PBXGroup;
			children = (
				3ABA02E21C7AAAAD0059A352 /* ZucksAdNetworkSwiftSampleApp */,
				3ABA02E11C7AAAAD0059A352 /* Products */,
				5012B53D24173119000FE20E /* Frameworks */,
			);
			sourceTree = "<group>";
		};
		3ABA02E11C7AAAAD0059A352 /* Products */ = {
			isa = PBXGroup;
			children = (
				3ABA02E01C7AAAAD0059A352 /* ZucksAdNetworkSwiftSampleApp.app */,
			);
			name = Products;
			sourceTree = "<group>";
		};
		3ABA02E21C7AAAAD0059A352 /* ZucksAdNetworkSwiftSampleApp */ = {
			isa = PBXGroup;
			children = (
				3ABA02E31C7AAAAD0059A352 /* AppDelegate.swift */,
				3ABA02E51C7AAAAD0059A352 /* BannerViewController.swift */,
				3AAF37991CED9ED40073A52B /* BannerSizeAdjustViewController.swift */,
				3ABA03131C7AAD9D0059A352 /* BannerInterfaceBuilderViewController.swift */,
				3ABA03151C7AAF1A0059A352 /* InterstitialViewController.swift */,
				3A8A4FBC1E0BC16100FEBA95 /* FullScreenBannerViewController.swift */,
				3A8A4FBE1E0BC17600FEBA95 /* FullScreenInterstitialViewController.swift */,
				3A8BD7451ED7F98200E2DC71 /* NativeAdViewController.swift */,
				CCECD6B024DA7FF8007AD904 /* RewardedAdViewController.swift */,
				3ABA02E71C7AAAAD0059A352 /* Main.storyboard */,
				3ABA02EA1C7AAAAD0059A352 /* Assets.xcassets */,
				3ABA02EC1C7AAAAD0059A352 /* LaunchScreen.storyboard */,
				3ABA02EF1C7AAAAD0059A352 /* Info.plist */,
			);
			path = ZucksAdNetworkSwiftSampleApp;
			sourceTree = "<group>";
		};
		5012B53D24173119000FE20E /* Frameworks */ = {
			isa = PBXGroup;
			children = (
				A7D572192BDB7A0E0048834E /* ZucksAdNetworkSDK.xcframework */,
			);
			name = Frameworks;
			sourceTree = "<group>";
		};
/* End PBXGroup section */

/* Begin PBXNativeTarget section */
		3ABA02DF1C7AAAAD0059A352 /* ZucksAdNetworkSwiftSampleApp */ = {
			isa = PBXNativeTarget;
			buildConfigurationList = 3ABA03081C7AAAAE0059A352 /* Build configuration list for PBXNativeTarget "ZucksAdNetworkSwiftSampleApp" */;
			buildPhases = (
				3ABA02DC1C7AAAAD0059A352 /* Sources */,
				3ABA02DD1C7AAAAD0059A352 /* Frameworks */,
				3ABA02DE1C7AAAAD0059A352 /* Resources */,
			);
			buildRules = (
			);
			dependencies = (
			);
			name = ZucksAdNetworkSwiftSampleApp;
			productName = ZucksAdNetworkSwiftSampleApp;
			productReference = 3ABA02E01C7AAAAD0059A352 /* ZucksAdNetworkSwiftSampleApp.app */;
			productType = "com.apple.product-type.application";
		};
/* End PBXNativeTarget section */

/* Begin PBXProject section */
		3ABA02D81C7AAAAD0059A352 /* Project object */ = {
			isa = PBXProject;
			attributes = {
				LastSwiftUpdateCheck = 0720;
				LastUpgradeCheck = 0720;
				ORGANIZATIONNAME = "Zucks, Inc.";
				TargetAttributes = {
					3ABA02DF1C7AAAAD0059A352 = {
						CreatedOnToolsVersion = 7.2.1;
					};
				};
			};
			buildConfigurationList = 3ABA02DB1C7AAAAD0059A352 /* Build configuration list for PBXProject "ZucksAdNetworkSwiftSampleApp" */;
			compatibilityVersion = "Xcode 3.2";
			developmentRegion = English;
			hasScannedForEncodings = 0;
			knownRegions = (
				English,
				en,
				Base,
			);
			mainGroup = 3ABA02D71C7AAAAD0059A352;
			productRefGroup = 3ABA02E11C7AAAAD0059A352 /* Products */;
			projectDirPath = "";
			projectRoot = "";
			targets = (
				3ABA02DF1C7AAAAD0059A352 /* ZucksAdNetworkSwiftSampleApp */,
			);
		};
/* End PBXProject section */

/* Begin PBXResourcesBuildPhase section */
		3ABA02DE1C7AAAAD0059A352 /* Resources */ = {
			isa = PBXResourcesBuildPhase;
			buildActionMask = 2147483647;
			files = (
				3ABA02EE1C7AAAAD0059A352 /* LaunchScreen.storyboard in Resources */,
				3ABA02EB1C7AAAAD0059A352 /* Assets.xcassets in Resources */,
				3ABA02E91C7AAAAD0059A352 /* Main.storyboard in Resources */,
			);
			runOnlyForDeploymentPostprocessing = 0;
		};
/* End PBXResourcesBuildPhase section */

/* Begin PBXSourcesBuildPhase section */
		3ABA02DC1C7AAAAD0059A352 /* Sources */ = {
			isa = PBXSourcesBuildPhase;
			buildActionMask = 2147483647;
			files = (
				3A8A4FBF1E0BC17600FEBA95 /* FullScreenInterstitialViewController.swift in Sources */,
				3ABA03161C7AAF1A0059A352 /* InterstitialViewController.swift in Sources */,
				3A8BD7461ED7F98200E2DC71 /* NativeAdViewController.swift in Sources */,
				3ABA03141C7AAD9D0059A352 /* BannerInterfaceBuilderViewController.swift in Sources */,
				3ABA02E61C7AAAAD0059A352 /* BannerViewController.swift in Sources */,
				3A8A4FBD1E0BC16100FEBA95 /* FullScreenBannerViewController.swift in Sources */,
				CCECD6B124DA7FF8007AD904 /* RewardedAdViewController.swift in Sources */,
				3ABA02E41C7AAAAD0059A352 /* AppDelegate.swift in Sources */,
				3AAF379A1CED9ED40073A52B /* BannerSizeAdjustViewController.swift in Sources */,
			);
			runOnlyForDeploymentPostprocessing = 0;
		};
/* End PBXSourcesBuildPhase section */

/* Begin PBXVariantGroup section */
		3ABA02E71C7AAAAD0059A352 /* Main.storyboard */ = {
			isa = PBXVariantGroup;
			children = (
				3ABA02E81C7AAAAD0059A352 /* Base */,
			);
			name = Main.storyboard;
			sourceTree = "<group>";
		};
		3ABA02EC1C7AAAAD0059A352 /* LaunchScreen.storyboard */ = {
			isa = PBXVariantGroup;
			children = (
				3ABA02ED1C7AAAAD0059A352 /* Base */,
			);
			name = LaunchScreen.storyboard;
			sourceTree = "<group>";
		};
/* End PBXVariantGroup section */

/* Begin XCBuildConfiguration section */
		3ABA03061C7AAAAE0059A352 /* Debug */ = {
			isa = XCBuildConfiguration;
			buildSettings = {
				ALWAYS_SEARCH_USER_PATHS = NO;
				CLANG_CXX_LANGUAGE_STANDARD = "gnu++0x";
				CLANG_CXX_LIBRARY = "libc++";
				CLANG_ENABLE_MODULES = YES;
				CLANG_ENABLE_OBJC_ARC = YES;
				CLANG_WARN_BOOL_CONVERSION = YES;
				CLANG_WARN_CONSTANT_CONVERSION = YES;
				CLANG_WARN_DIRECT_OBJC_ISA_USAGE = YES_ERROR;
				CLANG_WARN_EMPTY_BODY = YES;
				CLANG_WARN_ENUM_CONVERSION = YES;
				CLANG_WARN_INT_CONVERSION = YES;
				CLANG_WARN_OBJC_ROOT_CLASS = YES_ERROR;
				CLANG_WARN_UNREACHABLE_CODE = YES;
				CLANG_WARN__DUPLICATE_METHOD_MATCH = YES;
				"CODE_SIGN_IDENTITY[sdk=iphoneos*]" = "iPhone Developer";
				COPY_PHASE_STRIP = NO;
				DEBUG_INFORMATION_FORMAT = dwarf;
				ENABLE_STRICT_OBJC_MSGSEND = YES;
				ENABLE_TESTABILITY = YES;
				GCC_C_LANGUAGE_STANDARD = gnu99;
				GCC_DYNAMIC_NO_PIC = NO;
				GCC_NO_COMMON_BLOCKS = YES;
				GCC_OPTIMIZATION_LEVEL = 0;
				GCC_PREPROCESSOR_DEFINITIONS = (
					"DEBUG=1",
					"$(inherited)",
				);
				GCC_WARN_64_TO_32_BIT_CONVERSION = YES;
				GCC_WARN_ABOUT_RETURN_TYPE = YES_ERROR;
				GCC_WARN_UNDECLARED_SELECTOR = YES;
				GCC_WARN_UNINITIALIZED_AUTOS = YES_AGGRESSIVE;
				GCC_WARN_UNUSED_FUNCTION = YES;
				GCC_WARN_UNUSED_VARIABLE = YES;
				IPHONEOS_DEPLOYMENT_TARGET = 12.0;
				MTL_ENABLE_DEBUG_INFO = YES;
				ONLY_ACTIVE_ARCH = YES;
				SDKROOT = iphoneos;
				SWIFT_OPTIMIZATION_LEVEL = "-Onone";
				SWIFT_VERSION = 5.0;
				TARGETED_DEVICE_FAMILY = "1,2";
			};
			name = Debug;
		};
		3ABA03071C7AAAAE0059A352 /* Release */ = {
			isa = XCBuildConfiguration;
			buildSettings = {
				ALWAYS_SEARCH_USER_PATHS = NO;
				CLANG_CXX_LANGUAGE_STANDARD = "gnu++0x";
				CLANG_CXX_LIBRARY = "libc++";
				CLANG_ENABLE_MODULES = YES;
				CLANG_ENABLE_OBJC_ARC = YES;
				CLANG_WARN_BOOL_CONVERSION = YES;
				CLANG_WARN_CONSTANT_CONVERSION = YES;
				CLANG_WARN_DIRECT_OBJC_ISA_USAGE = YES_ERROR;
				CLANG_WARN_EMPTY_BODY = YES;
				CLANG_WARN_ENUM_CONVERSION = YES;
				CLANG_WARN_INT_CONVERSION = YES;
				CLANG_WARN_OBJC_ROOT_CLASS = YES_ERROR;
				CLANG_WARN_UNREACHABLE_CODE = YES;
				CLANG_WARN__DUPLICATE_METHOD_MATCH = YES;
				"CODE_SIGN_IDENTITY[sdk=iphoneos*]" = "iPhone Developer";
				COPY_PHASE_STRIP = NO;
				DEBUG_INFORMATION_FORMAT = "dwarf-with-dsym";
				ENABLE_NS_ASSERTIONS = NO;
				ENABLE_STRICT_OBJC_MSGSEND = YES;
				GCC_C_LANGUAGE_STANDARD = gnu99;
				GCC_NO_COMMON_BLOCKS = YES;
				GCC_WARN_64_TO_32_BIT_CONVERSION = YES;
				GCC_WARN_ABOUT_RETURN_TYPE = YES_ERROR;
				GCC_WARN_UNDECLARED_SELECTOR = YES;
				GCC_WARN_UNINITIALIZED_AUTOS = YES_AGGRESSIVE;
				GCC_WARN_UNUSED_FUNCTION = YES;
				GCC_WARN_UNUSED_VARIABLE = YES;
				IPHONEOS_DEPLOYMENT_TARGET = 12.0;
				MTL_ENABLE_DEBUG_INFO = NO;
				SDKROOT = iphoneos;
				SWIFT_VERSION = 5.0;
				TARGETED_DEVICE_FAMILY = "1,2";
				VALIDATE_PRODUCT = YES;
			};
			name = Release;
		};
		3ABA03091C7AAAAE0059A352 /* Debug */ = {
			isa = XCBuildConfiguration;
			buildSettings = {
				ASSETCATALOG_COMPILER_APPICON_NAME = AppIcon;
				DEBUG_INFORMATION_FORMAT = "dwarf-with-dsym";
				FRAMEWORK_SEARCH_PATHS = "$(PROJECT_DIR)/../lib/";
				INFOPLIST_FILE = ZucksAdNetworkSwiftSampleApp/Info.plist;
				IPHONEOS_DEPLOYMENT_TARGET = 12.0;
				LD_RUNPATH_SEARCH_PATHS = (
					"$(inherited)",
					"@executable_path/Frameworks",
				);
				PRODUCT_BUNDLE_IDENTIFIER = net.zucks.sdk.ZucksAdNetworkSwiftSampleApp;
				PRODUCT_NAME = "$(TARGET_NAME)";
				SWIFT_VERSION = 5.0;
			};
			name = Debug;
		};
		3ABA030A1C7AAAAE0059A352 /* Release */ = {
			isa = XCBuildConfiguration;
			buildSettings = {
				ASSETCATALOG_COMPILER_APPICON_NAME = AppIcon;
				FRAMEWORK_SEARCH_PATHS = "$(PROJECT_DIR)/../lib/";
				INFOPLIST_FILE = ZucksAdNetworkSwiftSampleApp/Info.plist;
				IPHONEOS_DEPLOYMENT_TARGET = 12.0;
				LD_RUNPATH_SEARCH_PATHS = (
					"$(inherited)",
					"@executable_path/Frameworks",
				);
				PRODUCT_BUNDLE_IDENTIFIER = net.zucks.sdk.ZucksAdNetworkSwiftSampleApp;
				PRODUCT_NAME = "$(TARGET_NAME)";
				SWIFT_VERSION = 5.0;
			};
			name = Release;
		};
/* End XCBuildConfiguration section */

/* Begin XCConfigurationList section */
		3ABA02DB1C7AAAAD0059A352 /* Build configuration list for PBXProject "ZucksAdNetworkSwiftSampleApp" */ = {
			isa = XCConfigurationList;
			buildConfigurations = (
				3ABA03061C7AAAAE0059A352 /* Debug */,
				3ABA03071C7AAAAE0059A352 /* Release */,
			);
			defaultConfigurationIsVisible = 0;
			defaultConfigurationName = Release;
		};
		3ABA03081C7AAAAE0059A352 /* Build configuration list for PBXNativeTarget "ZucksAdNetworkSwiftSampleApp" */ = {
			isa = XCConfigurationList;
			buildConfigurations = (
				3ABA03091C7AAAAE0059A352 /* Debug */,
				3ABA030A1C7AAAAE0059A352 /* Release */,
			);
			defaultConfigurationIsVisible = 0;
			defaultConfigurationName = Release;
		};
/* End XCConfigurationList section */
	};
	rootObject = 3ABA02D81C7AAAAD0059A352 /* Project object */;
}
